{
  "name": "query-page",
  "version": "1.0.0",
  "lockfileVersion": 1,
  "requires": true,
  "dependencies": {
    "codemirror": {
      "version": "5.17.0",
      "resolved": "https://registry.npmjs.org/codemirror/-/codemirror-5.17.0.tgz",
      "integrity": "sha1-qUMTUzc/FS/ihR8pUCo6oSwdYkc="
    },
    "jquery": {
      "version": "2.2.4",
      "resolved": "https://registry.npmjs.org/jquery/-/jquery-2.2.4.tgz",
      "integrity": "sha1-LInWiJterFIqfuoywUUhVZxsvwI="
    },
    "prettier": {
      "version": "1.13.0",
      "resolved": "https://registry.npmjs.org/prettier/-/prettier-1.13.0.tgz",
      "integrity": "sha512-ubNahzMwHtdrSVGMMNabOHSeBKvZu+N5Z7Tu2CvbTexffL6aHwwOc7/fvEaWYTtvu4CtXnniHGA2vxV/NIH6KQ=="
    },
    "store": {
      "version": "2.0.12",
      "resolved": "https://registry.npmjs.org/store/-/store-2.0.12.tgz",
      "integrity": "sha1-jFNOKguDH3K3X8XxEZhXxE711ZM="
    },
    "yasgui-utils": {
      "version": "1.6.7",
      "resolved": "https://registry.npmjs.org/yasgui-utils/-/yasgui-utils-1.6.7.tgz",
      "integrity": "sha1-K8/FoxVojeOuYFeIPZrjQrIF8mc=",
      "requires": {
        "store": "2.0.12"
      }
    },
    "yasgui-yasqe": {
      "version": "2.11.18",
      "resolved": "https://registry.npmjs.org/yasgui-yasqe/-/yasgui-yasqe-2.11.18.tgz",
      "integrity": "sha512-pfcO4PELbPlQZkVjp1gRqDcpF7FB2/dZRLaa9Bo9wCuqv4WueaMDAbt0bZlmXnPz72JKDKlj8b6ai+mzhyHqUQ==",
      "requires": {
        "codemirror": "5.17.0",
        "jquery": "2.2.4",
        "prettier": "1.13.0",
        "yasgui-utils": "1.6.7"
      }
    }
  }
}
